
Microsoft Visual Studio Solution File, Format Version 12.00
# Visual Studio 14
VisualStudioVersion = 14.0.25123.0
MinimumVisualStudioVersion = 10.0.40219.1
Project("{5546832C-C637-469B-BA36-4323D9B6ECC2}") = "Sitecore.Support.230139", "Sitecore.Support.230139\Sitecore.Support.230139.csproj", "{405BD113-8A6E-4B79-BAE3-5BB0E7746621}"
EndProject
Global
	GlobalSection(SolutionConfigurationPlatforms) = preSolution
		Debug|Any CPU = Debug|Any CPU
		Release|Any CPU = Release|Any CPU
	EndGlobalSection
	GlobalSection(ProjectConfigurationPlatforms) = postSolution
		{405BD113-8A6E-4B79-BAE3-5BB0E7746621}.Debug|Any CPU.ActiveCfg = Debug|Any CPU
		{405BD113-8A6E-4B79-BAE3-5BB0E7746621}.Debug|Any CPU.Build.0 = Debug|Any CPU
		{405BD113-8A6E-4B79-BAE3-5BB0E7746621}.Release|Any CPU.ActiveCfg = Release|Any CPU
		{405BD113-8A6E-4B79-BAE3-5BB0E7746621}.Release|Any CPU.Build.0 = Release|Any CPU
	EndGlobalSection
	GlobalSection(SolutionProperties) = preSolution
		HideSolutionNode = FALSE
	EndGlobalSection
EndGlobal
